
Microsoft Visual Studio Solution File, Format Version 12.00
# Visual Studio Version 16
VisualStudioVersion = 16.0.30309.148
MinimumVisualStudioVersion = 10.0.40219.1
Project("{FAE04EC0-301F-11D3-BF4B-00C04F79EFBC}") = "CommentSystem", "CommentSystem\CommentSystem.csproj", "{61F81F1B-137F-4C1A-A59E-65293F5C4740}"
EndProject
Global
	GlobalSection(SolutionConfigurationPlatforms) = preSolution
		Debug|Any CPU = Debug|Any CPU
		Release|Any CPU = Release|Any CPU
	EndGlobalSection
	GlobalSection(ProjectConfigurationPlatforms) = postSolution
		{61F81F1B-137F-4C1A-A59E-65293F5C4740}.Debug|Any CPU.ActiveCfg = Debug|Any CPU
		{61F81F1B-137F-4C1A-A59E-65293F5C4740}.Debug|Any CPU.Build.0 = Debug|Any CPU
		{61F81F1B-137F-4C1A-A59E-65293F5C4740}.Release|Any CPU.ActiveCfg = Release|Any CPU
		{61F81F1B-137F-4C1A-A59E-65293F5C4740}.Release|Any CPU.Build.0 = Release|Any CPU
	EndGlobalSection
	GlobalSection(SolutionProperties) = preSolution
		HideSolutionNode = FALSE
	EndGlobalSection
	GlobalSection(ExtensibilityGlobals) = postSolution
		SolutionGuid = {68A0A760-77C9-45F9-999D-7587A3BFDDCD}
	EndGlobalSection
EndGlobal
